
Microsoft Visual Studio Solution File, Format Version 12.00
# Visual Studio Version 16
VisualStudioVersion = 16.0.32126.315
MinimumVisualStudioVersion = 10.0.40219.1
Project("{FAE04EC0-301F-11D3-BF4B-00C04F79EFBC}") = "PRUEBAS_LOGIN", "PRUEBAS_LOGIN\PRUEBAS_LOGIN.csproj", "{4BDE21E0-05BF-4E36-8755-D8F9A4F895DC}"
EndProject
Project("{FAE04EC0-301F-11D3-BF4B-00C04F79EFBC}") = "DAL", "DAL\DAL.csproj", "{C9B8D337-1FE7-4C83-BECB-6672BC68B42C}"
EndProject
Project("{FAE04EC0-301F-11D3-BF4B-00C04F79EFBC}") = "BLL", "BLL\BLL.csproj", "{D9436D08-7D40-43E1-9E99-3FC7E213217F}"
EndProject
Project("{FAE04EC0-301F-11D3-BF4B-00C04F79EFBC}") = "Entities", "Entities\Entities.csproj", "{B041E3C3-8663-44B0-A3C1-DBCE83F19065}"
EndProject
Global
	GlobalSection(SolutionConfigurationPlatforms) = preSolution
		Debug|Any CPU = Debug|Any CPU
		Release|Any CPU = Release|Any CPU
	EndGlobalSection
	GlobalSection(ProjectConfigurationPlatforms) = postSolution
		{4BDE21E0-05BF-4E36-8755-D8F9A4F895DC}.Debug|Any CPU.ActiveCfg = Debug|Any CPU
		{4BDE21E0-05BF-4E36-8755-D8F9A4F895DC}.Debug|Any CPU.Build.0 = Debug|Any CPU
		{4BDE21E0-05BF-4E36-8755-D8F9A4F895DC}.Release|Any CPU.ActiveCfg = Release|Any CPU
		{4BDE21E0-05BF-4E36-8755-D8F9A4F895DC}.Release|Any CPU.Build.0 = Release|Any CPU
		{C9B8D337-1FE7-4C83-BECB-6672BC68B42C}.Debug|Any CPU.ActiveCfg = Debug|Any CPU
		{C9B8D337-1FE7-4C83-BECB-6672BC68B42C}.Debug|Any CPU.Build.0 = Debug|Any CPU
		{C9B8D337-1FE7-4C83-BECB-6672BC68B42C}.Release|Any CPU.ActiveCfg = Release|Any CPU
		{C9B8D337-1FE7-4C83-BECB-6672BC68B42C}.Release|Any CPU.Build.0 = Release|Any CPU
		{D9436D08-7D40-43E1-9E99-3FC7E213217F}.Debug|Any CPU.ActiveCfg = Debug|Any CPU
		{D9436D08-7D40-43E1-9E99-3FC7E213217F}.Debug|Any CPU.Build.0 = Debug|Any CPU
		{D9436D08-7D40-43E1-9E99-3FC7E213217F}.Release|Any CPU.ActiveCfg = Release|Any CPU
		{D9436D08-7D40-43E1-9E99-3FC7E213217F}.Release|Any CPU.Build.0 = Release|Any CPU
		{B041E3C3-8663-44B0-A3C1-DBCE83F19065}.Debug|Any CPU.ActiveCfg = Debug|Any CPU
		{B041E3C3-8663-44B0-A3C1-DBCE83F19065}.Debug|Any CPU.Build.0 = Debug|Any CPU
		{B041E3C3-8663-44B0-A3C1-DBCE83F19065}.Release|Any CPU.ActiveCfg = Release|Any CPU
		{B041E3C3-8663-44B0-A3C1-DBCE83F19065}.Release|Any CPU.Build.0 = Release|Any CPU
	EndGlobalSection
	GlobalSection(SolutionProperties) = preSolution
		HideSolutionNode = FALSE
	EndGlobalSection
	GlobalSection(ExtensibilityGlobals) = postSolution
		SolutionGuid = {2D5127DD-C077-4129-9AED-4B7E4005C8A0}
	EndGlobalSection
EndGlobal
